
Microsoft Visual Studio Solution File, Format Version 12.00
# Visual Studio Version 16
VisualStudioVersion = 16.0.30907.101
MinimumVisualStudioVersion = 10.0.40219.1
Project("{FAE04EC0-301F-11D3-BF4B-00C04F79EFBC}") = "POC.AmazonMQ.Core", "POC.AmazonMQ.Core\POC.AmazonMQ.Core.csproj", "{AA387D6F-D881-42EC-AAD6-90F13AA7A27B}"
EndProject
Project("{FAE04EC0-301F-11D3-BF4B-00C04F79EFBC}") = "POC.AmazonMQ.Consumer", "POC.AmazonMQ.Consumer\POC.AmazonMQ.Consumer.csproj", "{8725930E-3AAB-4639-ACFE-2327333BAA51}"
EndProject
Project("{FAE04EC0-301F-11D3-BF4B-00C04F79EFBC}") = "POC.AmazonMQ.Producer", "POC.AmazonMQ.Producer\POC.AmazonMQ.Producer.csproj", "{8ADDA795-FD18-4EF5-A8DB-C31896123462}"
EndProject
Global
	GlobalSection(SolutionConfigurationPlatforms) = preSolution
		Debug|Any CPU = Debug|Any CPU
		Release|Any CPU = Release|Any CPU
	EndGlobalSection
	GlobalSection(ProjectConfigurationPlatforms) = postSolution
		{AA387D6F-D881-42EC-AAD6-90F13AA7A27B}.Debug|Any CPU.ActiveCfg = Debug|Any CPU
		{AA387D6F-D881-42EC-AAD6-90F13AA7A27B}.Debug|Any CPU.Build.0 = Debug|Any CPU
		{AA387D6F-D881-42EC-AAD6-90F13AA7A27B}.Release|Any CPU.ActiveCfg = Release|Any CPU
		{AA387D6F-D881-42EC-AAD6-90F13AA7A27B}.Release|Any CPU.Build.0 = Release|Any CPU
		{8725930E-3AAB-4639-ACFE-2327333BAA51}.Debug|Any CPU.ActiveCfg = Debug|Any CPU
		{8725930E-3AAB-4639-ACFE-2327333BAA51}.Debug|Any CPU.Build.0 = Debug|Any CPU
		{8725930E-3AAB-4639-ACFE-2327333BAA51}.Release|Any CPU.ActiveCfg = Release|Any CPU
		{8725930E-3AAB-4639-ACFE-2327333BAA51}.Release|Any CPU.Build.0 = Release|Any CPU
		{8ADDA795-FD18-4EF5-A8DB-C31896123462}.Debug|Any CPU.ActiveCfg = Debug|Any CPU
		{8ADDA795-FD18-4EF5-A8DB-C31896123462}.Debug|Any CPU.Build.0 = Debug|Any CPU
		{8ADDA795-FD18-4EF5-A8DB-C31896123462}.Release|Any CPU.ActiveCfg = Release|Any CPU
		{8ADDA795-FD18-4EF5-A8DB-C31896123462}.Release|Any CPU.Build.0 = Release|Any CPU
	EndGlobalSection
	GlobalSection(SolutionProperties) = preSolution
		HideSolutionNode = FALSE
	EndGlobalSection
	GlobalSection(ExtensibilityGlobals) = postSolution
		SolutionGuid = {86E6985E-1B83-465D-AF00-4509B8F3AC04}
	EndGlobalSection
EndGlobal
